
Microsoft Visual Studio Solution File, Format Version 12.00
# Visual Studio Version 16
VisualStudioVersion = 16.0.31911.196
MinimumVisualStudioVersion = 10.0.40219.1
Project("{FAE04EC0-301F-11D3-BF4B-00C04F79EFBC}") = "PR3.1", "PR3.1\PR3.1.csproj", "{43726FF3-CC5A-43CD-A17B-50F25D6FD2CE}"
EndProject
Project("{FAE04EC0-301F-11D3-BF4B-00C04F79EFBC}") = "PR3.1Console", "PR3.1Console\PR3.1Console.csproj", "{7DF0089C-4C06-4F7B-9F4A-C85A783F4225}"
EndProject
Project("{FAE04EC0-301F-11D3-BF4B-00C04F79EFBC}") = "HashPasword", "HashPasword\HashPasword.csproj", "{4501B88D-41FF-4291-93FB-885506B727C7}"
EndProject
Global
	GlobalSection(SolutionConfigurationPlatforms) = preSolution
		Debug|Any CPU = Debug|Any CPU
		Release|Any CPU = Release|Any CPU
	EndGlobalSection
	GlobalSection(ProjectConfigurationPlatforms) = postSolution
		{43726FF3-CC5A-43CD-A17B-50F25D6FD2CE}.Debug|Any CPU.ActiveCfg = Debug|Any CPU
		{43726FF3-CC5A-43CD-A17B-50F25D6FD2CE}.Debug|Any CPU.Build.0 = Debug|Any CPU
		{43726FF3-CC5A-43CD-A17B-50F25D6FD2CE}.Release|Any CPU.ActiveCfg = Release|Any CPU
		{43726FF3-CC5A-43CD-A17B-50F25D6FD2CE}.Release|Any CPU.Build.0 = Release|Any CPU
		{7DF0089C-4C06-4F7B-9F4A-C85A783F4225}.Debug|Any CPU.ActiveCfg = Debug|Any CPU
		{7DF0089C-4C06-4F7B-9F4A-C85A783F4225}.Debug|Any CPU.Build.0 = Debug|Any CPU
		{7DF0089C-4C06-4F7B-9F4A-C85A783F4225}.Release|Any CPU.ActiveCfg = Release|Any CPU
		{7DF0089C-4C06-4F7B-9F4A-C85A783F4225}.Release|Any CPU.Build.0 = Release|Any CPU
		{4501B88D-41FF-4291-93FB-885506B727C7}.Debug|Any CPU.ActiveCfg = Debug|Any CPU
		{4501B88D-41FF-4291-93FB-885506B727C7}.Debug|Any CPU.Build.0 = Debug|Any CPU
		{4501B88D-41FF-4291-93FB-885506B727C7}.Release|Any CPU.ActiveCfg = Release|Any CPU
		{4501B88D-41FF-4291-93FB-885506B727C7}.Release|Any CPU.Build.0 = Release|Any CPU
	EndGlobalSection
	GlobalSection(SolutionProperties) = preSolution
		HideSolutionNode = FALSE
	EndGlobalSection
	GlobalSection(ExtensibilityGlobals) = postSolution
		SolutionGuid = {97F4266F-9EE3-447E-B342-4497F191962F}
	EndGlobalSection
EndGlobal
